
Microsoft Visual Studio Solution File, Format Version 12.00
# Visual Studio Version 16
VisualStudioVersion = 16.0.31025.194
MinimumVisualStudioVersion = 10.0.40219.1
Project("{FAE04EC0-301F-11D3-BF4B-00C04F79EFBC}") = "Matriz2", "Matriz2.csproj", "{B844F711-499A-4899-B50A-B219E9082FC6}"
EndProject
Global
	GlobalSection(SolutionConfigurationPlatforms) = preSolution
		Debug|Any CPU = Debug|Any CPU
		Release|Any CPU = Release|Any CPU
	EndGlobalSection
	GlobalSection(ProjectConfigurationPlatforms) = postSolution
		{B844F711-499A-4899-B50A-B219E9082FC6}.Debug|Any CPU.ActiveCfg = Debug|Any CPU
		{B844F711-499A-4899-B50A-B219E9082FC6}.Debug|Any CPU.Build.0 = Debug|Any CPU
		{B844F711-499A-4899-B50A-B219E9082FC6}.Release|Any CPU.ActiveCfg = Release|Any CPU
		{B844F711-499A-4899-B50A-B219E9082FC6}.Release|Any CPU.Build.0 = Release|Any CPU
	EndGlobalSection
	GlobalSection(SolutionProperties) = preSolution
		HideSolutionNode = FALSE
	EndGlobalSection
	GlobalSection(ExtensibilityGlobals) = postSolution
		SolutionGuid = {5A16E613-C404-40D4-90A3-1378C9DA1B34}
	EndGlobalSection
EndGlobal
